
Microsoft Visual Studio Solution File, Format Version 12.00
# Visual Studio 14
VisualStudioVersion = 14.0.25123.0
MinimumVisualStudioVersion = 10.0.40219.1
Project("{FAE04EC0-301F-11D3-BF4B-00C04F79EFBC}") = "HomeworkTests", "HomeworkTests\HomeworkTests.csproj", "{767862E2-60D4-46BA-9A78-BB9C976BD634}"
EndProject
Project("{FAE04EC0-301F-11D3-BF4B-00C04F79EFBC}") = "Homework", "Homework\Homework.csproj", "{2E0E4276-9F04-4B78-AA15-A219ED0A959F}"
EndProject
Global
	GlobalSection(SolutionConfigurationPlatforms) = preSolution
		Debug|Any CPU = Debug|Any CPU
		Release|Any CPU = Release|Any CPU
	EndGlobalSection
	GlobalSection(ProjectConfigurationPlatforms) = postSolution
		{767862E2-60D4-46BA-9A78-BB9C976BD634}.Debug|Any CPU.ActiveCfg = Debug|Any CPU
		{767862E2-60D4-46BA-9A78-BB9C976BD634}.Debug|Any CPU.Build.0 = Debug|Any CPU
		{767862E2-60D4-46BA-9A78-BB9C976BD634}.Release|Any CPU.ActiveCfg = Release|Any CPU
		{767862E2-60D4-46BA-9A78-BB9C976BD634}.Release|Any CPU.Build.0 = Release|Any CPU
		{2E0E4276-9F04-4B78-AA15-A219ED0A959F}.Debug|Any CPU.ActiveCfg = Debug|Any CPU
		{2E0E4276-9F04-4B78-AA15-A219ED0A959F}.Debug|Any CPU.Build.0 = Debug|Any CPU
		{2E0E4276-9F04-4B78-AA15-A219ED0A959F}.Release|Any CPU.ActiveCfg = Release|Any CPU
		{2E0E4276-9F04-4B78-AA15-A219ED0A959F}.Release|Any CPU.Build.0 = Release|Any CPU
	EndGlobalSection
	GlobalSection(SolutionProperties) = preSolution
		HideSolutionNode = FALSE
	EndGlobalSection
EndGlobal
